
Microsoft Visual Studio Solution File, Format Version 12.00
# Visual Studio 15
VisualStudioVersion = 15.0.26124.0
MinimumVisualStudioVersion = 15.0.26124.0
Project("{FAE04EC0-301F-11D3-BF4B-00C04F79EFBC}") = "ScratchPad", "ScratchPad\ScratchPad.csproj", "{BBA01E84-7F47-4BB4-9374-2309120E2097}"
EndProject
Project("{FAE04EC0-301F-11D3-BF4B-00C04F79EFBC}") = "ScratchPad.Tests", "ScratchPad.Tests\ScratchPad.Tests.csproj", "{BF70B663-DEFC-4281-8529-AD54D1111074}"
EndProject
Global
	GlobalSection(SolutionConfigurationPlatforms) = preSolution
		Debug|Any CPU = Debug|Any CPU
		Debug|x64 = Debug|x64
		Debug|x86 = Debug|x86
		Release|Any CPU = Release|Any CPU
		Release|x64 = Release|x64
		Release|x86 = Release|x86
	EndGlobalSection
	GlobalSection(SolutionProperties) = preSolution
		HideSolutionNode = FALSE
	EndGlobalSection
	GlobalSection(ProjectConfigurationPlatforms) = postSolution
		{BBA01E84-7F47-4BB4-9374-2309120E2097}.Debug|Any CPU.ActiveCfg = Debug|Any CPU
		{BBA01E84-7F47-4BB4-9374-2309120E2097}.Debug|Any CPU.Build.0 = Debug|Any CPU
		{BBA01E84-7F47-4BB4-9374-2309120E2097}.Debug|x64.ActiveCfg = Debug|Any CPU
		{BBA01E84-7F47-4BB4-9374-2309120E2097}.Debug|x64.Build.0 = Debug|Any CPU
		{BBA01E84-7F47-4BB4-9374-2309120E2097}.Debug|x86.ActiveCfg = Debug|Any CPU
		{BBA01E84-7F47-4BB4-9374-2309120E2097}.Debug|x86.Build.0 = Debug|Any CPU
		{BBA01E84-7F47-4BB4-9374-2309120E2097}.Release|Any CPU.ActiveCfg = Release|Any CPU
		{BBA01E84-7F47-4BB4-9374-2309120E2097}.Release|Any CPU.Build.0 = Release|Any CPU
		{BBA01E84-7F47-4BB4-9374-2309120E2097}.Release|x64.ActiveCfg = Release|Any CPU
		{BBA01E84-7F47-4BB4-9374-2309120E2097}.Release|x64.Build.0 = Release|Any CPU
		{BBA01E84-7F47-4BB4-9374-2309120E2097}.Release|x86.ActiveCfg = Release|Any CPU
		{BBA01E84-7F47-4BB4-9374-2309120E2097}.Release|x86.Build.0 = Release|Any CPU
		{BF70B663-DEFC-4281-8529-AD54D1111074}.Debug|Any CPU.ActiveCfg = Debug|Any CPU
		{BF70B663-DEFC-4281-8529-AD54D1111074}.Debug|Any CPU.Build.0 = Debug|Any CPU
		{BF70B663-DEFC-4281-8529-AD54D1111074}.Debug|x64.ActiveCfg = Debug|Any CPU
		{BF70B663-DEFC-4281-8529-AD54D1111074}.Debug|x64.Build.0 = Debug|Any CPU
		{BF70B663-DEFC-4281-8529-AD54D1111074}.Debug|x86.ActiveCfg = Debug|Any CPU
		{BF70B663-DEFC-4281-8529-AD54D1111074}.Debug|x86.Build.0 = Debug|Any CPU
		{BF70B663-DEFC-4281-8529-AD54D1111074}.Release|Any CPU.ActiveCfg = Release|Any CPU
		{BF70B663-DEFC-4281-8529-AD54D1111074}.Release|Any CPU.Build.0 = Release|Any CPU
		{BF70B663-DEFC-4281-8529-AD54D1111074}.Release|x64.ActiveCfg = Release|Any CPU
		{BF70B663-DEFC-4281-8529-AD54D1111074}.Release|x64.Build.0 = Release|Any CPU
		{BF70B663-DEFC-4281-8529-AD54D1111074}.Release|x86.ActiveCfg = Release|Any CPU
		{BF70B663-DEFC-4281-8529-AD54D1111074}.Release|x86.Build.0 = Release|Any CPU
	EndGlobalSection
EndGlobal
