
Microsoft Visual Studio Solution File, Format Version 12.00
# Visual Studio 15
VisualStudioVersion = 15.0.26124.0
MinimumVisualStudioVersion = 15.0.26124.0
Project("{FAE04EC0-301F-11D3-BF4B-00C04F79EFBC}") = "Data", "Data\Data.csproj", "{6996BF49-6801-4551-A24B-42EEA453EAD8}"
EndProject
Project("{FAE04EC0-301F-11D3-BF4B-00C04F79EFBC}") = "Common", "Common\Common.csproj", "{95F304C8-018F-499C-8BCD-A81CDD5A2BBB}"
EndProject
Project("{FAE04EC0-301F-11D3-BF4B-00C04F79EFBC}") = "Domain", "Domain\Domain.csproj", "{1D2B580C-1850-47D5-9F62-5B1BD54E4BE0}"
EndProject
Global
	GlobalSection(SolutionProperties) = preSolution
		HideSolutionNode = FALSE
	EndGlobalSection
	GlobalSection(SolutionConfigurationPlatforms) = preSolution
		Debug|Any CPU = Debug|Any CPU
		Debug|x64 = Debug|x64
		Debug|x86 = Debug|x86
		Release|Any CPU = Release|Any CPU
		Release|x64 = Release|x64
		Release|x86 = Release|x86
	EndGlobalSection
	GlobalSection(ProjectConfigurationPlatforms) = postSolution
		{6996BF49-6801-4551-A24B-42EEA453EAD8}.Debug|Any CPU.ActiveCfg = Debug|Any CPU
		{6996BF49-6801-4551-A24B-42EEA453EAD8}.Debug|Any CPU.Build.0 = Debug|Any CPU
		{6996BF49-6801-4551-A24B-42EEA453EAD8}.Debug|x64.ActiveCfg = Debug|x64
		{6996BF49-6801-4551-A24B-42EEA453EAD8}.Debug|x64.Build.0 = Debug|x64
		{6996BF49-6801-4551-A24B-42EEA453EAD8}.Debug|x86.ActiveCfg = Debug|x86
		{6996BF49-6801-4551-A24B-42EEA453EAD8}.Debug|x86.Build.0 = Debug|x86
		{6996BF49-6801-4551-A24B-42EEA453EAD8}.Release|Any CPU.ActiveCfg = Release|Any CPU
		{6996BF49-6801-4551-A24B-42EEA453EAD8}.Release|Any CPU.Build.0 = Release|Any CPU
		{6996BF49-6801-4551-A24B-42EEA453EAD8}.Release|x64.ActiveCfg = Release|x64
		{6996BF49-6801-4551-A24B-42EEA453EAD8}.Release|x64.Build.0 = Release|x64
		{6996BF49-6801-4551-A24B-42EEA453EAD8}.Release|x86.ActiveCfg = Release|x86
		{6996BF49-6801-4551-A24B-42EEA453EAD8}.Release|x86.Build.0 = Release|x86
		{95F304C8-018F-499C-8BCD-A81CDD5A2BBB}.Debug|Any CPU.ActiveCfg = Debug|Any CPU
		{95F304C8-018F-499C-8BCD-A81CDD5A2BBB}.Debug|Any CPU.Build.0 = Debug|Any CPU
		{95F304C8-018F-499C-8BCD-A81CDD5A2BBB}.Debug|x64.ActiveCfg = Debug|x64
		{95F304C8-018F-499C-8BCD-A81CDD5A2BBB}.Debug|x64.Build.0 = Debug|x64
		{95F304C8-018F-499C-8BCD-A81CDD5A2BBB}.Debug|x86.ActiveCfg = Debug|x86
		{95F304C8-018F-499C-8BCD-A81CDD5A2BBB}.Debug|x86.Build.0 = Debug|x86
		{95F304C8-018F-499C-8BCD-A81CDD5A2BBB}.Release|Any CPU.ActiveCfg = Release|Any CPU
		{95F304C8-018F-499C-8BCD-A81CDD5A2BBB}.Release|Any CPU.Build.0 = Release|Any CPU
		{95F304C8-018F-499C-8BCD-A81CDD5A2BBB}.Release|x64.ActiveCfg = Release|x64
		{95F304C8-018F-499C-8BCD-A81CDD5A2BBB}.Release|x64.Build.0 = Release|x64
		{95F304C8-018F-499C-8BCD-A81CDD5A2BBB}.Release|x86.ActiveCfg = Release|x86
		{95F304C8-018F-499C-8BCD-A81CDD5A2BBB}.Release|x86.Build.0 = Release|x86
		{1D2B580C-1850-47D5-9F62-5B1BD54E4BE0}.Debug|Any CPU.ActiveCfg = Debug|Any CPU
		{1D2B580C-1850-47D5-9F62-5B1BD54E4BE0}.Debug|Any CPU.Build.0 = Debug|Any CPU
		{1D2B580C-1850-47D5-9F62-5B1BD54E4BE0}.Debug|x64.ActiveCfg = Debug|x64
		{1D2B580C-1850-47D5-9F62-5B1BD54E4BE0}.Debug|x64.Build.0 = Debug|x64
		{1D2B580C-1850-47D5-9F62-5B1BD54E4BE0}.Debug|x86.ActiveCfg = Debug|x86
		{1D2B580C-1850-47D5-9F62-5B1BD54E4BE0}.Debug|x86.Build.0 = Debug|x86
		{1D2B580C-1850-47D5-9F62-5B1BD54E4BE0}.Release|Any CPU.ActiveCfg = Release|Any CPU
		{1D2B580C-1850-47D5-9F62-5B1BD54E4BE0}.Release|Any CPU.Build.0 = Release|Any CPU
		{1D2B580C-1850-47D5-9F62-5B1BD54E4BE0}.Release|x64.ActiveCfg = Release|x64
		{1D2B580C-1850-47D5-9F62-5B1BD54E4BE0}.Release|x64.Build.0 = Release|x64
		{1D2B580C-1850-47D5-9F62-5B1BD54E4BE0}.Release|x86.ActiveCfg = Release|x86
		{1D2B580C-1850-47D5-9F62-5B1BD54E4BE0}.Release|x86.Build.0 = Release|x86
	EndGlobalSection
EndGlobal
